
Microsoft Visual Studio Solution File, Format Version 12.00
# Visual Studio 15
VisualStudioVersion = 15.0.27703.2035
MinimumVisualStudioVersion = 10.0.40219.1
Project("{FAE04EC0-301F-11D3-BF4B-00C04F79EFBC}") = "HashCodePracticePizzaHub", "HashCodePracticePizzaHub.csproj", "{CBF63A96-FCCE-4FC2-B739-E516C001F485}"
EndProject
Global
	GlobalSection(SolutionConfigurationPlatforms) = preSolution
		Debug|Any CPU = Debug|Any CPU
		Release|Any CPU = Release|Any CPU
	EndGlobalSection
	GlobalSection(ProjectConfigurationPlatforms) = postSolution
		{CBF63A96-FCCE-4FC2-B739-E516C001F485}.Debug|Any CPU.ActiveCfg = Debug|Any CPU
		{CBF63A96-FCCE-4FC2-B739-E516C001F485}.Debug|Any CPU.Build.0 = Debug|Any CPU
		{CBF63A96-FCCE-4FC2-B739-E516C001F485}.Release|Any CPU.ActiveCfg = Release|Any CPU
		{CBF63A96-FCCE-4FC2-B739-E516C001F485}.Release|Any CPU.Build.0 = Release|Any CPU
	EndGlobalSection
	GlobalSection(SolutionProperties) = preSolution
		HideSolutionNode = FALSE
	EndGlobalSection
	GlobalSection(ExtensibilityGlobals) = postSolution
		SolutionGuid = {028E020B-BB87-424F-84E9-8BDF55D19644}
	EndGlobalSection
EndGlobal
